
Microsoft Visual Studio Solution File, Format Version 12.00
# Visual Studio Version 17
VisualStudioVersion = 17.8.34309.116
MinimumVisualStudioVersion = 10.0.40219.1
Project("{FAE04EC0-301F-11D3-BF4B-00C04F79EFBC}") = "RepositoryGenerator", "RepositoryGenerator.csproj", "{567ECCA6-7A61-4A9B-89DA-625171B1B087}"
EndProject
Global
	GlobalSection(SolutionConfigurationPlatforms) = preSolution
		Debug|Any CPU = Debug|Any CPU
		Release|Any CPU = Release|Any CPU
	EndGlobalSection
	GlobalSection(ProjectConfigurationPlatforms) = postSolution
		{567ECCA6-7A61-4A9B-89DA-625171B1B087}.Debug|Any CPU.ActiveCfg = Debug|Any CPU
		{567ECCA6-7A61-4A9B-89DA-625171B1B087}.Debug|Any CPU.Build.0 = Debug|Any CPU
		{567ECCA6-7A61-4A9B-89DA-625171B1B087}.Release|Any CPU.ActiveCfg = Release|Any CPU
		{567ECCA6-7A61-4A9B-89DA-625171B1B087}.Release|Any CPU.Build.0 = Release|Any CPU
	EndGlobalSection
	GlobalSection(SolutionProperties) = preSolution
		HideSolutionNode = FALSE
	EndGlobalSection
	GlobalSection(ExtensibilityGlobals) = postSolution
		SolutionGuid = {8A93C19B-F71C-43D2-8DD2-A47763363B30}
	EndGlobalSection
EndGlobal
